{
  "version": "5",
  "specifiers": {
    "npm:@types/yargs@^17.0.33": "17.0.33",
    "npm:readline-sync@^1.4.10": "1.4.10"
  },
  "npm": {
    "@esbuild/aix-ppc64@0.25.5": {
      "integrity": "sha512-9o3TMmpmftaCMepOdA5k/yDw8SfInyzWWTjYTFCX3kPSDJMROQTb8jg+h9Cnwnmm1vOzvxN7gIfB5V2ewpjtGA==",
      "os": ["aix"],
      "cpu": ["ppc64"]
    },
    "@esbuild/android-arm64@0.25.5": {
      "integrity": "sha512-VGzGhj4lJO+TVGV1v8ntCZWJktV7SGCs3Pn1GRWI1SBFtRALoomm8k5E9Pmwg3HOAal2VDc2F9+PM/rEY6oIDg==",
      "os": ["android"],
      "cpu": ["arm64"]
    },
    "@esbuild/android-arm@0.25.5": {
      "integrity": "sha512-AdJKSPeEHgi7/ZhuIPtcQKr5RQdo6OO2IL87JkianiMYMPbCtot9fxPbrMiBADOWWm3T2si9stAiVsGbTQFkbA==",
      "os": ["android"],
      "cpu": ["arm"]
    },
    "@esbuild/android-x64@0.25.5": {
      "integrity": "sha512-D2GyJT1kjvO//drbRT3Hib9XPwQeWd9vZoBJn+bu/lVsOZ13cqNdDeqIF/xQ5/VmWvMduP6AmXvylO/PIc2isw==",
      "os": ["android"],
      "cpu": ["x64"]
    },
    "@esbuild/darwin-arm64@0.25.5": {
      "integrity": "sha512-GtaBgammVvdF7aPIgH2jxMDdivezgFu6iKpmT+48+F8Hhg5J/sfnDieg0aeG/jfSvkYQU2/pceFPDKlqZzwnfQ==",
      "os": ["darwin"],
      "cpu": ["arm64"]
    },
    "@esbuild/darwin-x64@0.25.5": {
      "integrity": "sha512-1iT4FVL0dJ76/q1wd7XDsXrSW+oLoquptvh4CLR4kITDtqi2e/xwXwdCVH8hVHU43wgJdsq7Gxuzcs6Iq/7bxQ==",
      "os": ["darwin"],
      "cpu": ["x64"]
    },
    "@esbuild/freebsd-arm64@0.25.5": {
      "integrity": "sha512-nk4tGP3JThz4La38Uy/gzyXtpkPW8zSAmoUhK9xKKXdBCzKODMc2adkB2+8om9BDYugz+uGV7sLmpTYzvmz6Sw==",
      "os": ["freebsd"],
      "cpu": ["arm64"]
    },
    "@esbuild/freebsd-x64@0.25.5": {
      "integrity": "sha512-PrikaNjiXdR2laW6OIjlbeuCPrPaAl0IwPIaRv+SMV8CiM8i2LqVUHFC1+8eORgWyY7yhQY+2U2fA55mBzReaw==",
      "os": ["freebsd"],
      "cpu": ["x64"]
    },
    "@esbuild/linux-arm64@0.25.5": {
      "integrity": "sha512-Z9kfb1v6ZlGbWj8EJk9T6czVEjjq2ntSYLY2cw6pAZl4oKtfgQuS4HOq41M/BcoLPzrUbNd+R4BXFyH//nHxVg==",
      "os": ["linux"],
      "cpu": ["arm64"]
    },
    "@esbuild/linux-arm@0.25.5": {
      "integrity": "sha512-cPzojwW2okgh7ZlRpcBEtsX7WBuqbLrNXqLU89GxWbNt6uIg78ET82qifUy3W6OVww6ZWobWub5oqZOVtwolfw==",
      "os": ["linux"],
      "cpu": ["arm"]
    },
    "@esbuild/linux-ia32@0.25.5": {
      "integrity": "sha512-sQ7l00M8bSv36GLV95BVAdhJ2QsIbCuCjh/uYrWiMQSUuV+LpXwIqhgJDcvMTj+VsQmqAHL2yYaasENvJ7CDKA==",
      "os": ["linux"],
      "cpu": ["ia32"]
    },
    "@esbuild/linux-loong64@0.25.5": {
      "integrity": "sha512-0ur7ae16hDUC4OL5iEnDb0tZHDxYmuQyhKhsPBV8f99f6Z9KQM02g33f93rNH5A30agMS46u2HP6qTdEt6Q1kg==",
      "os": ["linux"],
      "cpu": ["loong64"]
    },
    "@esbuild/linux-mips64el@0.25.5": {
      "integrity": "sha512-kB/66P1OsHO5zLz0i6X0RxlQ+3cu0mkxS3TKFvkb5lin6uwZ/ttOkP3Z8lfR9mJOBk14ZwZ9182SIIWFGNmqmg==",
      "os": ["linux"],
      "cpu": ["mips64el"]
    },
    "@esbuild/linux-ppc64@0.25.5": {
      "integrity": "sha512-UZCmJ7r9X2fe2D6jBmkLBMQetXPXIsZjQJCjgwpVDz+YMcS6oFR27alkgGv3Oqkv07bxdvw7fyB71/olceJhkQ==",
      "os": ["linux"],
      "cpu": ["ppc64"]
    },
    "@esbuild/linux-riscv64@0.25.5": {
      "integrity": "sha512-kTxwu4mLyeOlsVIFPfQo+fQJAV9mh24xL+y+Bm6ej067sYANjyEw1dNHmvoqxJUCMnkBdKpvOn0Ahql6+4VyeA==",
      "os": ["linux"],
      "cpu": ["riscv64"]
    },
    "@esbuild/linux-s390x@0.25.5": {
      "integrity": "sha512-K2dSKTKfmdh78uJ3NcWFiqyRrimfdinS5ErLSn3vluHNeHVnBAFWC8a4X5N+7FgVE1EjXS1QDZbpqZBjfrqMTQ==",
      "os": ["linux"],
      "cpu": ["s390x"]
    },
    "@esbuild/linux-x64@0.25.5": {
      "integrity": "sha512-uhj8N2obKTE6pSZ+aMUbqq+1nXxNjZIIjCjGLfsWvVpy7gKCOL6rsY1MhRh9zLtUtAI7vpgLMK6DxjO8Qm9lJw==",
      "os": ["linux"],
      "cpu": ["x64"]
    },
    "@esbuild/netbsd-arm64@0.25.5": {
      "integrity": "sha512-pwHtMP9viAy1oHPvgxtOv+OkduK5ugofNTVDilIzBLpoWAM16r7b/mxBvfpuQDpRQFMfuVr5aLcn4yveGvBZvw==",
      "os": ["netbsd"],
      "cpu": ["arm64"]
    },
    "@esbuild/netbsd-x64@0.25.5": {
      "integrity": "sha512-WOb5fKrvVTRMfWFNCroYWWklbnXH0Q5rZppjq0vQIdlsQKuw6mdSihwSo4RV/YdQ5UCKKvBy7/0ZZYLBZKIbwQ==",
      "os": ["netbsd"],
      "cpu": ["x64"]
    },
    "@esbuild/openbsd-arm64@0.25.5": {
      "integrity": "sha512-7A208+uQKgTxHd0G0uqZO8UjK2R0DDb4fDmERtARjSHWxqMTye4Erz4zZafx7Di9Cv+lNHYuncAkiGFySoD+Mw==",
      "os": ["openbsd"],
      "cpu": ["arm64"]
    },
    "@esbuild/openbsd-x64@0.25.5": {
      "integrity": "sha512-G4hE405ErTWraiZ8UiSoesH8DaCsMm0Cay4fsFWOOUcz8b8rC6uCvnagr+gnioEjWn0wC+o1/TAHt+It+MpIMg==",
      "os": ["openbsd"],
      "cpu": ["x64"]
    },
    "@esbuild/sunos-x64@0.25.5": {
      "integrity": "sha512-l+azKShMy7FxzY0Rj4RCt5VD/q8mG/e+mDivgspo+yL8zW7qEwctQ6YqKX34DTEleFAvCIUviCFX1SDZRSyMQA==",
      "os": ["sunos"],
      "cpu": ["x64"]
    },
    "@esbuild/win32-arm64@0.25.5": {
      "integrity": "sha512-O2S7SNZzdcFG7eFKgvwUEZ2VG9D/sn/eIiz8XRZ1Q/DO5a3s76Xv0mdBzVM5j5R639lXQmPmSo0iRpHqUUrsxw==",
      "os": ["win32"],
      "cpu": ["arm64"]
    },
    "@esbuild/win32-ia32@0.25.5": {
      "integrity": "sha512-onOJ02pqs9h1iMJ1PQphR+VZv8qBMQ77Klcsqv9CNW2w6yLqoURLcgERAIurY6QE63bbLuqgP9ATqajFLK5AMQ==",
      "os": ["win32"],
      "cpu": ["ia32"]
    },
    "@esbuild/win32-x64@0.25.5": {
      "integrity": "sha512-TXv6YnJ8ZMVdX+SXWVBo/0p8LTcrUYngpWjvm91TMjjBQii7Oz11Lw5lbDV5Y0TzuhSJHwiH4hEtC1I42mMS0g==",
      "os": ["win32"],
      "cpu": ["x64"]
    },
    "@parcel/watcher-android-arm64@2.5.1": {
      "integrity": "sha512-KF8+j9nNbUN8vzOFDpRMsaKBHZ/mcjEjMToVMJOhTozkDonQFFrRcfdLWn6yWKCmJKmdVxSgHiYvTCef4/qcBA==",
      "os": ["android"],
      "cpu": ["arm64"]
    },
    "@parcel/watcher-darwin-arm64@2.5.1": {
      "integrity": "sha512-eAzPv5osDmZyBhou8PoF4i6RQXAfeKL9tjb3QzYuccXFMQU0ruIc/POh30ePnaOyD1UXdlKguHBmsTs53tVoPw==",
      "os": ["darwin"],
      "cpu": ["arm64"]
    },
    "@parcel/watcher-darwin-x64@2.5.1": {
      "integrity": "sha512-1ZXDthrnNmwv10A0/3AJNZ9JGlzrF82i3gNQcWOzd7nJ8aj+ILyW1MTxVk35Db0u91oD5Nlk9MBiujMlwmeXZg==",
      "os": ["darwin"],
      "cpu": ["x64"]
    },
    "@parcel/watcher-freebsd-x64@2.5.1": {
      "integrity": "sha512-SI4eljM7Flp9yPuKi8W0ird8TI/JK6CSxju3NojVI6BjHsTyK7zxA9urjVjEKJ5MBYC+bLmMcbAWlZ+rFkLpJQ==",
      "os": ["freebsd"],
      "cpu": ["x64"]
    },
    "@parcel/watcher-linux-arm-glibc@2.5.1": {
      "integrity": "sha512-RCdZlEyTs8geyBkkcnPWvtXLY44BCeZKmGYRtSgtwwnHR4dxfHRG3gR99XdMEdQ7KeiDdasJwwvNSF5jKtDwdA==",
      "os": ["linux"],
      "cpu": ["arm"]
    },
    "@parcel/watcher-linux-arm-musl@2.5.1": {
      "integrity": "sha512-6E+m/Mm1t1yhB8X412stiKFG3XykmgdIOqhjWj+VL8oHkKABfu/gjFj8DvLrYVHSBNC+/u5PeNrujiSQ1zwd1Q==",
      "os": ["linux"],
      "cpu": ["arm"]
    },
    "@parcel/watcher-linux-arm64-glibc@2.5.1": {
      "integrity": "sha512-LrGp+f02yU3BN9A+DGuY3v3bmnFUggAITBGriZHUREfNEzZh/GO06FF5u2kx8x+GBEUYfyTGamol4j3m9ANe8w==",
      "os": ["linux"],
      "cpu": ["arm64"]
    },
    "@parcel/watcher-linux-arm64-musl@2.5.1": {
      "integrity": "sha512-cFOjABi92pMYRXS7AcQv9/M1YuKRw8SZniCDw0ssQb/noPkRzA+HBDkwmyOJYp5wXcsTrhxO0zq1U11cK9jsFg==",
      "os": ["linux"],
      "cpu": ["arm64"]
    },
    "@parcel/watcher-linux-x64-glibc@2.5.1": {
      "integrity": "sha512-GcESn8NZySmfwlTsIur+49yDqSny2IhPeZfXunQi48DMugKeZ7uy1FX83pO0X22sHntJ4Ub+9k34XQCX+oHt2A==",
      "os": ["linux"],
      "cpu": ["x64"]
    },
    "@parcel/watcher-linux-x64-musl@2.5.1": {
      "integrity": "sha512-n0E2EQbatQ3bXhcH2D1XIAANAcTZkQICBPVaxMeaCVBtOpBZpWJuf7LwyWPSBDITb7In8mqQgJ7gH8CILCURXg==",
      "os": ["linux"],
      "cpu": ["x64"]
    },
    "@parcel/watcher-win32-arm64@2.5.1": {
      "integrity": "sha512-RFzklRvmc3PkjKjry3hLF9wD7ppR4AKcWNzH7kXR7GUe0Igb3Nz8fyPwtZCSquGrhU5HhUNDr/mKBqj7tqA2Vw==",
      "os": ["win32"],
      "cpu": ["arm64"]
    },
    "@parcel/watcher-win32-ia32@2.5.1": {
      "integrity": "sha512-c2KkcVN+NJmuA7CGlaGD1qJh1cLfDnQsHjE89E60vUEMlqduHGCdCLJCID5geFVM0dOtA3ZiIO8BoEQmzQVfpQ==",
      "os": ["win32"],
      "cpu": ["ia32"]
    },
    "@parcel/watcher-win32-x64@2.5.1": {
      "integrity": "sha512-9lHBdJITeNR++EvSQVUcaZoWupyHfXe1jZvGZ06O/5MflPcuPLtEphScIBL+AiCWBO46tDSHzWyD0uDmmZqsgA==",
      "os": ["win32"],
      "cpu": ["x64"]
    },
    "@parcel/watcher@2.5.1": {
      "integrity": "sha512-dfUnCxiN9H4ap84DvD2ubjw+3vUNpstxa0TneY/Paat8a3R4uQZDLSvWjmznAY/DoahqTHl9V46HF/Zs3F29pg==",
      "dependencies": [
        "detect-libc",
        "is-glob@4.0.3",
        "micromatch@4.0.8",
        "node-addon-api"
      ],
      "optionalDependencies": [
        "@parcel/watcher-android-arm64",
        "@parcel/watcher-darwin-arm64",
        "@parcel/watcher-darwin-x64",
        "@parcel/watcher-freebsd-x64",
        "@parcel/watcher-linux-arm-glibc",
        "@parcel/watcher-linux-arm-musl",
        "@parcel/watcher-linux-arm64-glibc",
        "@parcel/watcher-linux-arm64-musl",
        "@parcel/watcher-linux-x64-glibc",
        "@parcel/watcher-linux-x64-musl",
        "@parcel/watcher-win32-arm64",
        "@parcel/watcher-win32-ia32",
        "@parcel/watcher-win32-x64"
      ],
      "scripts": true
    },
    "@pkgjs/parseargs@0.11.0": {
      "integrity": "sha512-+1VkjdD0QBLPodGrJUeqarH8VAIvQODIbwh9XpP5Syisf7YoQgsJKPNFoqqLQlu+VQ/tVSshMR6loPMn8U+dPg=="
    },
    "@rollup/rollup-android-arm-eabi@4.42.0": {
      "integrity": "sha512-gldmAyS9hpj+H6LpRNlcjQWbuKUtb94lodB9uCz71Jm+7BxK1VIOo7y62tZZwxhA7j1ylv/yQz080L5WkS+LoQ==",
      "os": ["android"],
      "cpu": ["arm"]
    },
    "@rollup/rollup-android-arm64@4.42.0": {
      "integrity": "sha512-bpRipfTgmGFdCZDFLRvIkSNO1/3RGS74aWkJJTFJBH7h3MRV4UijkaEUeOMbi9wxtxYmtAbVcnMtHTPBhLEkaw==",
      "os": ["android"],
      "cpu": ["arm64"]
    },
    "@rollup/rollup-darwin-arm64@4.42.0": {
      "integrity": "sha512-JxHtA081izPBVCHLKnl6GEA0w3920mlJPLh89NojpU2GsBSB6ypu4erFg/Wx1qbpUbepn0jY4dVWMGZM8gplgA==",
      "os": ["darwin"],
      "cpu": ["arm64"]
    },
    "@rollup/rollup-darwin-x64@4.42.0": {
      "integrity": "sha512-rv5UZaWVIJTDMyQ3dCEK+m0SAn6G7H3PRc2AZmExvbDvtaDc+qXkei0knQWcI3+c9tEs7iL/4I4pTQoPbNL2SA==",
      "os": ["darwin"],
      "cpu": ["x64"]
    },
    "@rollup/rollup-freebsd-arm64@4.42.0": {
      "integrity": "sha512-fJcN4uSGPWdpVmvLuMtALUFwCHgb2XiQjuECkHT3lWLZhSQ3MBQ9pq+WoWeJq2PrNxr9rPM1Qx+IjyGj8/c6zQ==",
      "os": ["freebsd"],
      "cpu": ["arm64"]
    },
    "@rollup/rollup-freebsd-x64@4.42.0": {
      "integrity": "sha512-CziHfyzpp8hJpCVE/ZdTizw58gr+m7Y2Xq5VOuCSrZR++th2xWAz4Nqk52MoIIrV3JHtVBhbBsJcAxs6NammOQ==",
      "os": ["freebsd"],
      "cpu": ["x64"]
    },
    "@rollup/rollup-linux-arm-gnueabihf@4.42.0": {
      "integrity": "sha512-UsQD5fyLWm2Fe5CDM7VPYAo+UC7+2Px4Y+N3AcPh/LdZu23YcuGPegQly++XEVaC8XUTFVPscl5y5Cl1twEI4A==",
      "os": ["linux"],
      "cpu": ["arm"]
    },
    "@rollup/rollup-linux-arm-musleabihf@4.42.0": {
      "integrity": "sha512-/i8NIrlgc/+4n1lnoWl1zgH7Uo0XK5xK3EDqVTf38KvyYgCU/Rm04+o1VvvzJZnVS5/cWSd07owkzcVasgfIkQ==",
      "os": ["linux"],
      "cpu": ["arm"]
    },
    "@rollup/rollup-linux-arm64-gnu@4.42.0": {
      "integrity": "sha512-eoujJFOvoIBjZEi9hJnXAbWg+Vo1Ov8n/0IKZZcPZ7JhBzxh2A+2NFyeMZIRkY9iwBvSjloKgcvnjTbGKHE44Q==",
      "os": ["linux"],
      "cpu": ["arm64"]
    },
    "@rollup/rollup-linux-arm64-musl@4.42.0": {
      "integrity": "sha512-/3NrcOWFSR7RQUQIuZQChLND36aTU9IYE4j+TB40VU78S+RA0IiqHR30oSh6P1S9f9/wVOenHQnacs/Byb824g==",
      "os": ["linux"],
      "cpu": ["arm64"]
    },
    "@rollup/rollup-linux-loongarch64-gnu@4.42.0": {
      "integrity": "sha512-O8AplvIeavK5ABmZlKBq9/STdZlnQo7Sle0LLhVA7QT+CiGpNVe197/t8Aph9bhJqbDVGCHpY2i7QyfEDDStDg==",
      "os": ["linux"],
      "cpu": ["loong64"]
    },
    "@rollup/rollup-linux-powerpc64le-gnu@4.42.0": {
      "integrity": "sha512-6Qb66tbKVN7VyQrekhEzbHRxXXFFD8QKiFAwX5v9Xt6FiJ3BnCVBuyBxa2fkFGqxOCSGGYNejxd8ht+q5SnmtA==",
      "os": ["linux"],
      "cpu": ["ppc64"]
    },
    "@rollup/rollup-linux-riscv64-gnu@4.42.0": {
      "integrity": "sha512-KQETDSEBamQFvg/d8jajtRwLNBlGc3aKpaGiP/LvEbnmVUKlFta1vqJqTrvPtsYsfbE/DLg5CC9zyXRX3fnBiA==",
      "os": ["linux"],
      "cpu": ["riscv64"]
    },
    "@rollup/rollup-linux-riscv64-musl@4.42.0": {
      "integrity": "sha512-qMvnyjcU37sCo/tuC+JqeDKSuukGAd+pVlRl/oyDbkvPJ3awk6G6ua7tyum02O3lI+fio+eM5wsVd66X0jQtxw==",
      "os": ["linux"],
      "cpu": ["riscv64"]
    },
    "@rollup/rollup-linux-s390x-gnu@4.42.0": {
      "integrity": "sha512-I2Y1ZUgTgU2RLddUHXTIgyrdOwljjkmcZ/VilvaEumtS3Fkuhbw4p4hgHc39Ypwvo2o7sBFNl2MquNvGCa55Iw==",
      "os": ["linux"],
      "cpu": ["s390x"]
    },
    "@rollup/rollup-linux-x64-gnu@4.42.0": {
      "integrity": "sha512-Gfm6cV6mj3hCUY8TqWa63DB8Mx3NADoFwiJrMpoZ1uESbK8FQV3LXkhfry+8bOniq9pqY1OdsjFWNsSbfjPugw==",
      "os": ["linux"],
      "cpu": ["x64"]
    },
    "@rollup/rollup-linux-x64-musl@4.42.0": {
      "integrity": "sha512-g86PF8YZ9GRqkdi0VoGlcDUb4rYtQKyTD1IVtxxN4Hpe7YqLBShA7oHMKU6oKTCi3uxwW4VkIGnOaH/El8de3w==",
      "os": ["linux"],
      "cpu": ["x64"]
    },
    "@rollup/rollup-win32-arm64-msvc@4.42.0": {
      "integrity": "sha512-+axkdyDGSp6hjyzQ5m1pgcvQScfHnMCcsXkx8pTgy/6qBmWVhtRVlgxjWwDp67wEXXUr0x+vD6tp5W4x6V7u1A==",
      "os": ["win32"],
      "cpu": ["arm64"]
    },
    "@rollup/rollup-win32-ia32-msvc@4.42.0": {
      "integrity": "sha512-F+5J9pelstXKwRSDq92J0TEBXn2nfUrQGg+HK1+Tk7VOL09e0gBqUHugZv7SW4MGrYj41oNCUe3IKCDGVlis2g==",
      "os": ["win32"],
      "cpu": ["ia32"]
    },
    "@rollup/rollup-win32-x64-msvc@4.42.0": {
      "integrity": "sha512-LpHiJRwkaVz/LqjHjK8LCi8osq7elmpwujwbXKNW88bM8eeGxavJIKKjkjpMHAh/2xfnrt1ZSnhTv41WYUHYmA==",
      "os": ["win32"],
      "cpu": ["x64"]
    },
    "@types/yargs-parser@21.0.3": {
      "integrity": "sha512-I4q9QU9MQv4oEOz4tAHJtNz1cwuLxn2F3xcc2iV5WdqLPpUnj30aUuxt1mAxYTG+oe8CZMV/+6rU4S4gRDzqtQ=="
    },
    "@types/yargs@17.0.33": {
      "integrity": "sha512-WpxBCKWPLr4xSsHgz511rFJAM+wS28w2zEO1QDNY5zM/S8ok70NNfztH0xwhqKyaK0OHCbN98LDAZuy1ctxDkA==",
      "dependencies": [
        "@types/yargs-parser"
      ]
    },
    "detect-libc@1.0.3": {
      "integrity": "sha512-pGjwhsmsp4kL2RTz08wcOlGN83otlqHeD/Z5T8GXZB+/YcpQ/dgo+lbU8ZsGxV0HIvqqxo9l7mqYwyYMD9bKDg==",
      "bin": true
    },
    "fsevents@2.3.3": {
      "integrity": "sha512-5xoDfX+fL7faATnagmWPpbFtwh/R77WmMMqqHGS65C3vvB0YHrgF+B1YmZ3441tMj5n63k0212XNoJwzlhffQw==",
      "os": ["darwin"],
      "scripts": true
    },
    "node-addon-api@7.1.1": {
      "integrity": "sha512-5m3bsyrjFWE1xf7nz7YXdN4udnVtXK6/Yfgn5qnahL6bCkf2yKt4k3nuTKAtT4r3IG8JNR2ncsIMdZuAzJjHQQ=="
    },
    "readline-sync@1.4.10": {
      "integrity": "sha512-gNva8/6UAe8QYepIQH/jQ2qn91Qj0B9sYjMBBs3QOB8F2CXcKgLxQaJRP76sWVRQt+QU+8fAkCbCvjjMFu7Ycw=="
    },
    "sass-embedded-android-arm64@1.89.2": {
      "integrity": "sha512-+pq7a7AUpItNyPu61sRlP6G2A8pSPpyazASb+8AK2pVlFayCSPAEgpwpCE9A2/Xj86xJZeMizzKUHxM2CBCUxA==",
      "os": ["android"],
      "cpu": ["arm64"]
    },
    "sass-embedded-android-arm@1.89.2": {
      "integrity": "sha512-oHAPTboBHRZlDBhyRB6dvDKh4KvFs+DZibDHXbkSI6dBZxMTT+Yb2ivocHnctVGucKTLQeT7+OM5DjWHyynL/A==",
      "os": ["android"],
      "cpu": ["arm"]
    },
    "sass-embedded-android-riscv64@1.89.2": {
      "integrity": "sha512-HfJJWp/S6XSYvlGAqNdakeEMPOdhBkj2s2lN6SHnON54rahKem+z9pUbCriUJfM65Z90lakdGuOfidY61R9TYg==",
      "os": ["android"],
      "cpu": ["riscv64"]
    },
    "sass-embedded-android-x64@1.89.2": {
      "integrity": "sha512-BGPzq53VH5z5HN8de6jfMqJjnRe1E6sfnCWFd4pK+CAiuM7iw5Fx6BQZu3ikfI1l2GY0y6pRXzsVLdp/j4EKEA==",
      "os": ["android"],
      "cpu": ["x64"]
    },
    "sass-embedded-darwin-arm64@1.89.2": {
      "integrity": "sha512-UCm3RL/tzMpG7DsubARsvGUNXC5pgfQvP+RRFJo9XPIi6elopY5B6H4m9dRYDpHA+scjVthdiDwkPYr9+S/KGw==",
      "os": ["darwin"],
      "cpu": ["arm64"]
    },
    "sass-embedded-darwin-x64@1.89.2": {
      "integrity": "sha512-D9WxtDY5VYtMApXRuhQK9VkPHB8R79NIIR6xxVlN2MIdEid/TZWi1MHNweieETXhWGrKhRKglwnHxxyKdJYMnA==",
      "os": ["darwin"],
      "cpu": ["x64"]
    },
    "sass-embedded-linux-arm64@1.89.2": {
      "integrity": "sha512-2N4WW5LLsbtrWUJ7iTpjvhajGIbmDR18ZzYRywHdMLpfdPApuHPMDF5CYzHbS+LLx2UAx7CFKBnj5LLjY6eFgQ==",
      "os": ["linux"],
      "cpu": ["arm64"]
    },
    "sass-embedded-linux-arm@1.89.2": {
      "integrity": "sha512-leP0t5U4r95dc90o8TCWfxNXwMAsQhpWxTkdtySDpngoqtTy3miMd7EYNYd1znI0FN1CBaUvbdCMbnbPwygDlA==",
      "os": ["linux"],
      "cpu": ["arm"]
    },
    "sass-embedded-linux-musl-arm64@1.89.2": {
      "integrity": "sha512-nTyuaBX6U1A/cG7WJh0pKD1gY8hbg1m2SnzsyoFG+exQ0lBX/lwTLHq3nyhF+0atv7YYhYKbmfz+sjPP8CZ9lw==",
      "os": ["linux"],
      "cpu": ["arm64"]
    },
    "sass-embedded-linux-musl-arm@1.89.2": {
      "integrity": "sha512-Z6gG2FiVEEdxYHRi2sS5VIYBmp17351bWtOCUZ/thBM66+e70yiN6Eyqjz80DjL8haRUegNQgy9ZJqsLAAmr9g==",
      "os": ["linux"],
      "cpu": ["arm"]
    },
    "sass-embedded-linux-musl-riscv64@1.89.2": {
      "integrity": "sha512-N6oul+qALO0SwGY8JW7H/Vs0oZIMrRMBM4GqX3AjM/6y8JsJRxkAwnfd0fDyK+aICMFarDqQonQNIx99gdTZqw==",
      "os": ["linux"],
      "cpu": ["riscv64"]
    },
    "sass-embedded-linux-musl-x64@1.89.2": {
      "integrity": "sha512-K+FmWcdj/uyP8GiG9foxOCPfb5OAZG0uSVq80DKgVSC0U44AdGjvAvVZkrgFEcZ6cCqlNC2JfYmslB5iqdL7tg==",
      "os": ["linux"],
      "cpu": ["x64"]
    },
    "sass-embedded-linux-riscv64@1.89.2": {
      "integrity": "sha512-g9nTbnD/3yhOaskeqeBQETbtfDQWRgsjHok6bn7DdAuwBsyrR3JlSFyqKc46pn9Xxd9SQQZU8AzM4IR+sY0A0w==",
      "os": ["linux"],
      "cpu": ["riscv64"]
    },
    "sass-embedded-linux-x64@1.89.2": {
      "integrity": "sha512-Ax7dKvzncyQzIl4r7012KCMBvJzOz4uwSNoyoM5IV6y5I1f5hEwI25+U4WfuTqdkv42taCMgpjZbh9ERr6JVMQ==",
      "os": ["linux"],
      "cpu": ["x64"]
    },
    "sass-embedded-win32-arm64@1.89.2": {
      "integrity": "sha512-j96iJni50ZUsfD6tRxDQE2QSYQ2WrfHxeiyAXf41Kw0V4w5KYR/Sf6rCZQLMTUOHnD16qTMVpQi20LQSqf4WGg==",
      "os": ["win32"],
      "cpu": ["arm64"]
    },
    "sass-embedded-win32-x64@1.89.2": {
      "integrity": "sha512-cS2j5ljdkQsb4PaORiClaVYynE9OAPZG/XjbOMxpQmjRIf7UroY4PEIH+Waf+y47PfXFX9SyxhYuw2NIKGbEng==",
      "os": ["win32"],
      "cpu": ["x64"]
    }
  },
  "redirects": {
    "https://deno.land/std/assert/mod.ts": "https://deno.land/std@0.224.0/assert/mod.ts"
  },
  "remote": {
    "https://deno.land/std@0.224.0/assert/_constants.ts": "a271e8ef5a573f1df8e822a6eb9d09df064ad66a4390f21b3e31f820a38e0975",
    "https://deno.land/std@0.224.0/assert/assert.ts": "09d30564c09de846855b7b071e62b5974b001bb72a4b797958fe0660e7849834",
    "https://deno.land/std@0.224.0/assert/assert_almost_equals.ts": "9e416114322012c9a21fa68e187637ce2d7df25bcbdbfd957cd639e65d3cf293",
    "https://deno.land/std@0.224.0/assert/assert_array_includes.ts": "14c5094471bc8e4a7895fc6aa5a184300d8a1879606574cb1cd715ef36a4a3c7",
    "https://deno.land/std@0.224.0/assert/assert_equals.ts": "3bbca947d85b9d374a108687b1a8ba3785a7850436b5a8930d81f34a32cb8c74",
    "https://deno.land/std@0.224.0/assert/assert_exists.ts": "43420cf7f956748ae6ed1230646567b3593cb7a36c5a5327269279c870c5ddfd",
    "https://deno.land/std@0.224.0/assert/assert_false.ts": "3e9be8e33275db00d952e9acb0cd29481a44fa0a4af6d37239ff58d79e8edeff",
    "https://deno.land/std@0.224.0/assert/assert_greater.ts": "5e57b201fd51b64ced36c828e3dfd773412c1a6120c1a5a99066c9b261974e46",
    "https://deno.land/std@0.224.0/assert/assert_greater_or_equal.ts": "9870030f997a08361b6f63400273c2fb1856f5db86c0c3852aab2a002e425c5b",
    "https://deno.land/std@0.224.0/assert/assert_instance_of.ts": "e22343c1fdcacfaea8f37784ad782683ec1cf599ae9b1b618954e9c22f376f2c",
    "https://deno.land/std@0.224.0/assert/assert_is_error.ts": "f856b3bc978a7aa6a601f3fec6603491ab6255118afa6baa84b04426dd3cc491",
    "https://deno.land/std@0.224.0/assert/assert_less.ts": "60b61e13a1982865a72726a5fa86c24fad7eb27c3c08b13883fb68882b307f68",
    "https://deno.land/std@0.224.0/assert/assert_less_or_equal.ts": "d2c84e17faba4afe085e6c9123a63395accf4f9e00150db899c46e67420e0ec3",
    "https://deno.land/std@0.224.0/assert/assert_match.ts": "ace1710dd3b2811c391946954234b5da910c5665aed817943d086d4d4871a8b7",
    "https://deno.land/std@0.224.0/assert/assert_not_equals.ts": "78d45dd46133d76ce624b2c6c09392f6110f0df9b73f911d20208a68dee2ef29",
    "https://deno.land/std@0.224.0/assert/assert_not_instance_of.ts": "3434a669b4d20cdcc5359779301a0588f941ffdc2ad68803c31eabdb4890cf7a",
    "https://deno.land/std@0.224.0/assert/assert_not_match.ts": "df30417240aa2d35b1ea44df7e541991348a063d9ee823430e0b58079a72242a",
    "https://deno.land/std@0.224.0/assert/assert_not_strict_equals.ts": "37f73880bd672709373d6dc2c5f148691119bed161f3020fff3548a0496f71b8",
    "https://deno.land/std@0.224.0/assert/assert_object_match.ts": "411450fd194fdaabc0089ae68f916b545a49d7b7e6d0026e84a54c9e7eed2693",
    "https://deno.land/std@0.224.0/assert/assert_rejects.ts": "4bee1d6d565a5b623146a14668da8f9eb1f026a4f338bbf92b37e43e0aa53c31",
    "https://deno.land/std@0.224.0/assert/assert_strict_equals.ts": "b4f45f0fd2e54d9029171876bd0b42dd9ed0efd8f853ab92a3f50127acfa54f5",
    "https://deno.land/std@0.224.0/assert/assert_string_includes.ts": "496b9ecad84deab72c8718735373feb6cdaa071eb91a98206f6f3cb4285e71b8",
    "https://deno.land/std@0.224.0/assert/assert_throws.ts": "c6508b2879d465898dab2798009299867e67c570d7d34c90a2d235e4553906eb",
    "https://deno.land/std@0.224.0/assert/assertion_error.ts": "ba8752bd27ebc51f723702fac2f54d3e94447598f54264a6653d6413738a8917",
    "https://deno.land/std@0.224.0/assert/equal.ts": "bddf07bb5fc718e10bb72d5dc2c36c1ce5a8bdd3b647069b6319e07af181ac47",
    "https://deno.land/std@0.224.0/assert/fail.ts": "0eba674ffb47dff083f02ced76d5130460bff1a9a68c6514ebe0cdea4abadb68",
    "https://deno.land/std@0.224.0/assert/mod.ts": "48b8cb8a619ea0b7958ad7ee9376500fe902284bb36f0e32c598c3dc34cbd6f3",
    "https://deno.land/std@0.224.0/assert/unimplemented.ts": "8c55a5793e9147b4f1ef68cd66496b7d5ba7a9e7ca30c6da070c1a58da723d73",
    "https://deno.land/std@0.224.0/assert/unreachable.ts": "5ae3dbf63ef988615b93eb08d395dda771c96546565f9e521ed86f6510c29e19",
    "https://deno.land/std@0.224.0/bytes/concat.ts": "86161274b5546a02bdb3154652418efe7af8c9310e8d54107a68aaa148e0f5ed",
    "https://deno.land/std@0.224.0/bytes/copy.ts": "08d85062240a7223e6ec4e2af193ad1a50c59a43f0d86ac3a7b16f3e0d77c028",
    "https://deno.land/std@0.224.0/fmt/colors.ts": "508563c0659dd7198ba4bbf87e97f654af3c34eb56ba790260f252ad8012e1c5",
    "https://deno.land/std@0.224.0/internal/diff.ts": "6234a4b493ebe65dc67a18a0eb97ef683626a1166a1906232ce186ae9f65f4e6",
    "https://deno.land/std@0.224.0/internal/format.ts": "0a98ee226fd3d43450245b1844b47003419d34d210fa989900861c79820d21c2",
    "https://deno.land/std@0.224.0/internal/mod.ts": "534125398c8e7426183e12dc255bb635d94e06d0f93c60a297723abe69d3b22e",
    "https://deno.land/std@0.224.0/io/_common.ts": "36705cdb4dfcd338d6131bca1b16e48a4d5bf0d1dada6ce397268e88c17a5835",
    "https://deno.land/std@0.224.0/io/_constants.ts": "3c7ad4695832e6e4a32e35f218c70376b62bc78621ef069a4a0a3d55739f8856",
    "https://deno.land/std@0.224.0/io/buf_reader.ts": "aa6d589e567c964c8ba1f582648f3feac45e88ab2e3d2cc2c9f84fd73c05d051",
    "https://deno.land/std@0.224.0/io/buf_writer.ts": "3fab3fbeae7a6ed1672207b640b6781a2369890878f8a7bb35f95d364dd6dae6",
    "https://deno.land/std@0.224.0/io/buffer.ts": "4d1f805f350433e418002accec798bc6c33ce18f614afa65f987c202d7b2234e",
    "https://deno.land/std@0.224.0/io/copy.ts": "63c6a4acf71fb1e89f5e47a7b3b2972f9d2c56dd645560975ead72db7eb23f61",
    "https://deno.land/std@0.224.0/io/copy_n.ts": "1bad1525b1f78737cb4c11084e2f7cf22359210fea89e2f0e784bd9a4b221fca",
    "https://deno.land/std@0.224.0/io/iterate_reader.ts": "1e5e4fea22d8965afb7df4ee9ab9adda0a0fc581adbea31bc2f2d25453f8a6e9",
    "https://deno.land/std@0.224.0/io/limited_reader.ts": "bbe3f7dafe9dd076d0c92d88b1b94e91ecad4825997064f44c2a767737ad2526",
    "https://deno.land/std@0.224.0/io/mod.ts": "f0a3f9d419394cec27099ba15ab0c8100da1e70928f95ebe646caaf667c6870c",
    "https://deno.land/std@0.224.0/io/multi_reader.ts": "dd8f06d50adec0e1befb92a1d354fcf28733a4b1669b23bf534ace161ce61b1c",
    "https://deno.land/std@0.224.0/io/read_all.ts": "876c1cb20adea15349c72afc86cecd3573335845ae778967aefb5e55fe5a8a4a",
    "https://deno.land/std@0.224.0/io/read_delim.ts": "d26cfed53b0c2c127ec3453ccd65f474ecc36a331209e246448885434afffc4e",
    "https://deno.land/std@0.224.0/io/read_int.ts": "2412f106103a271f5d770b2a61c97b13eebcd18de414a0a092ed82dfcb875903",
    "https://deno.land/std@0.224.0/io/read_lines.ts": "17b96f87dbebc5edb976b3d83dc7713bddb994e9c8cb688012d6c6c26803fb9e",
    "https://deno.land/std@0.224.0/io/read_long.ts": "d7cd367ab5c1263014c32a76afa0f0584c3bf3a3d860963c7368a6825094df46",
    "https://deno.land/std@0.224.0/io/read_range.ts": "2ddfedbfff44e4ea8d60c0463cddb2b1860293d932d6a72a0fb78bdf412538fc",
    "https://deno.land/std@0.224.0/io/read_short.ts": "f6dff570e685ade917dcb5188e8ecf0b701d6581b0cd186f08e6efe7f5ce33f7",
    "https://deno.land/std@0.224.0/io/read_string_delim.ts": "f6beafa8969e6d9d6d7d679f846cd6595d8b6e99091a20a0aecbd50eb30a391e",
    "https://deno.land/std@0.224.0/io/reader_from_stream_reader.ts": "a75bbc93f39df8b0e372cc1fbdc416a7cbf2a39fc4c09ddb057f1241100191c5",
    "https://deno.land/std@0.224.0/io/slice_long_to_bytes.ts": "bc59a7aaac64845371dbd44debf3e864ae7b7e453127751d96e30adb29fb633b",
    "https://deno.land/std@0.224.0/io/string_reader.ts": "279e9ea72e0ed7af6a9cb6da84f4148af93df849d308c31f124ca21f16d09cf2",
    "https://deno.land/std@0.224.0/io/string_writer.ts": "923954c2038a622b84c294b94a3a322565fa0d67e8b4c62942b154fc1ad3bb9b",
    "https://deno.land/std@0.224.0/io/to_readable_stream.ts": "ed03a44a1ec1cc55a85a857acf6cac472035298f6f3b6207ea209f93b4aefb39",
    "https://deno.land/std@0.224.0/io/to_writable_stream.ts": "ef422e0425963c8a1e0481674e66c3023da50f0acbe5ef51ec9789efc3c1e2ed",
    "https://deno.land/std@0.224.0/io/types.ts": "acecb3074c730b5ff487ba4fe9ce51e67bd982aa07c95e5f5679b7b2f24ad129",
    "https://deno.land/std@0.224.0/io/write_all.ts": "24aac2312bb21096ae3ae0b102b22c26164d3249dff96dbac130958aa736f038"
  },
  "workspace": {
    "packageJson": {
      "dependencies": [
        "npm:@codemirror/lang-yaml@^6.1.2",
        "npm:@codemirror/language@^6.11.3",
        "npm:@codemirror/legacy-modes@^6.5.1",
        "npm:@floating-ui/vue@^1.1.9",
        "npm:@fortawesome/fontawesome-svg-core@^7.0.1",
        "npm:@fortawesome/free-brands-svg-icons@^7.0.1",
        "npm:@fortawesome/free-regular-svg-icons@^7.0.1",
        "npm:@fortawesome/free-solid-svg-icons@^7.0.1",
        "npm:@fortawesome/vue-fontawesome@^3.1.2",
        "npm:@replit/codemirror-vim@^6.3.0",
        "npm:@tsconfig/node22@^22.0.2",
        "npm:@types/colors@^1.2.4",
        "npm:@types/humanize-duration@^3.27.4",
        "npm:@types/js-yaml@^4.0.9",
        "npm:@types/node@^24.3.1",
        "npm:@types/yargs@^17.0.33",
        "npm:@uiw/codemirror-themes@^4.25.1",
        "npm:@vitejs/plugin-vue@^6.0.1",
        "npm:@vue/eslint-config-prettier@^10.2.0",
        "npm:@vue/eslint-config-typescript@^14.6.0",
        "npm:@vue/tsconfig@~0.8.1",
        "npm:@vueuse/core@^13.9.0",
        "npm:ansicolor@^2.0.3",
        "npm:apexcharts@^5.3.5",
        "npm:bootstrap-vue-next@~0.40.5",
        "npm:bootstrap@^5.3.8",
        "npm:codemirror@^6.0.2",
        "npm:colors@^1.4.0",
        "npm:deno@^2.5.0",
        "npm:eslint-plugin-vue@^10.4.0",
        "npm:eslint@^9.35.0",
        "npm:globals@^16.4.0",
        "npm:humanize-duration@^3.33.0",
        "npm:jiti@^2.5.1",
        "npm:js-yaml@^4.1.0",
        "npm:npm-run-all2@^8.0.4",
        "npm:prettier@^3.6.2",
        "npm:qrcode.vue@^3.6.0",
        "npm:readline-sync@^1.4.10",
        "npm:sass-embedded@^1.92.1",
        "npm:sharp@~0.34.3",
        "npm:svgo@4",
        "npm:typescript@~5.9.2",
        "npm:unplugin-vue-components@29",
        "npm:vite-multiple-assets@^2.2.5",
        "npm:vite-node@^3.2.4",
        "npm:vite-plugin-image-optimizer@^2.0.2",
        "npm:vite-plugin-vue-devtools@^8.0.2",
        "npm:vite-plugin-wasm@^3.5.0",
        "npm:vite@^7.1.5",
        "npm:vue-codemirror6@^1.3.22",
        "npm:vue-router@^4.5.1",
        "npm:vue-tsc@^3.0.7",
        "npm:vue3-apexcharts@^1.8.0",
        "npm:vue@^3.5.21",
        "npm:yargs@18"
      ]
    }
  }
}
